
Microsoft Visual Studio Solution File, Format Version 12.00
# Visual Studio Version 17
VisualStudioVersion = 17.7.34024.191
MinimumVisualStudioVersion = 10.0.40219.1
Project("{FAE04EC0-301F-11D3-BF4B-00C04F79EFBC}") = "OrangeTreeSim", "OrangeTreeSim.csproj", "{926CB4DD-2C51-4037-B5F4-4B16AC220A85}"
EndProject
Project("{FAE04EC0-301F-11D3-BF4B-00C04F79EFBC}") = "OrangeTreeTest", "..\OrangeTreeTest\OrangeTreeTest.csproj", "{F207F4C6-6859-476C-BD18-FAC9AAD2EFB2}"
EndProject
Global
	GlobalSection(SolutionConfigurationPlatforms) = preSolution
		Debug|Any CPU = Debug|Any CPU
		Release|Any CPU = Release|Any CPU
	EndGlobalSection
	GlobalSection(ProjectConfigurationPlatforms) = postSolution
		{926CB4DD-2C51-4037-B5F4-4B16AC220A85}.Debug|Any CPU.ActiveCfg = Debug|Any CPU
		{926CB4DD-2C51-4037-B5F4-4B16AC220A85}.Debug|Any CPU.Build.0 = Debug|Any CPU
		{926CB4DD-2C51-4037-B5F4-4B16AC220A85}.Release|Any CPU.ActiveCfg = Release|Any CPU
		{926CB4DD-2C51-4037-B5F4-4B16AC220A85}.Release|Any CPU.Build.0 = Release|Any CPU
		{F207F4C6-6859-476C-BD18-FAC9AAD2EFB2}.Debug|Any CPU.ActiveCfg = Debug|Any CPU
		{F207F4C6-6859-476C-BD18-FAC9AAD2EFB2}.Debug|Any CPU.Build.0 = Debug|Any CPU
		{F207F4C6-6859-476C-BD18-FAC9AAD2EFB2}.Release|Any CPU.ActiveCfg = Release|Any CPU
		{F207F4C6-6859-476C-BD18-FAC9AAD2EFB2}.Release|Any CPU.Build.0 = Release|Any CPU
	EndGlobalSection
	GlobalSection(SolutionProperties) = preSolution
		HideSolutionNode = FALSE
	EndGlobalSection
	GlobalSection(ExtensibilityGlobals) = postSolution
		SolutionGuid = {794AD0E8-AFAC-46AD-A995-737F6C4A8389}
	EndGlobalSection
EndGlobal
