
Microsoft Visual Studio Solution File, Format Version 12.00
# Visual Studio Version 17
VisualStudioVersion = 17.7.34024.191
MinimumVisualStudioVersion = 10.0.40219.1
Project("{9A19103F-16F7-4668-BE54-9A1E7A4F7556}") = "Disaheim", "Disaheim.csproj", "{F752FB8E-FD67-4A5D-A88B-4285A0BC2DDC}"
EndProject
Project("{9A19103F-16F7-4668-BE54-9A1E7A4F7556}") = "DisaheimTest", "..\DisaheimTest\DisaheimTest.csproj", "{81B58840-436B-4A39-9040-E9E78C504188}"
EndProject
Global
	GlobalSection(SolutionConfigurationPlatforms) = preSolution
		Debug|Any CPU = Debug|Any CPU
		Release|Any CPU = Release|Any CPU
	EndGlobalSection
	GlobalSection(ProjectConfigurationPlatforms) = postSolution
		{F752FB8E-FD67-4A5D-A88B-4285A0BC2DDC}.Debug|Any CPU.ActiveCfg = Debug|Any CPU
		{F752FB8E-FD67-4A5D-A88B-4285A0BC2DDC}.Debug|Any CPU.Build.0 = Debug|Any CPU
		{F752FB8E-FD67-4A5D-A88B-4285A0BC2DDC}.Release|Any CPU.ActiveCfg = Release|Any CPU
		{F752FB8E-FD67-4A5D-A88B-4285A0BC2DDC}.Release|Any CPU.Build.0 = Release|Any CPU
		{81B58840-436B-4A39-9040-E9E78C504188}.Debug|Any CPU.ActiveCfg = Debug|Any CPU
		{81B58840-436B-4A39-9040-E9E78C504188}.Debug|Any CPU.Build.0 = Debug|Any CPU
		{81B58840-436B-4A39-9040-E9E78C504188}.Release|Any CPU.ActiveCfg = Release|Any CPU
		{81B58840-436B-4A39-9040-E9E78C504188}.Release|Any CPU.Build.0 = Release|Any CPU
	EndGlobalSection
	GlobalSection(SolutionProperties) = preSolution
		HideSolutionNode = FALSE
	EndGlobalSection
	GlobalSection(ExtensibilityGlobals) = postSolution
		SolutionGuid = {FCCBF9C0-50E5-4166-8516-A5A5F23240ED}
	EndGlobalSection
EndGlobal
