
Microsoft Visual Studio Solution File, Format Version 12.00
# Visual Studio Version 17
VisualStudioVersion = 17.8.34525.116
MinimumVisualStudioVersion = 10.0.40219.1
Project("{9A19103F-16F7-4668-BE54-9A1E7A4F7556}") = "Variabler og constant", "Variabler og constant.csproj", "{0FB29904-2615-41F2-9C4B-61595DE62414}"
EndProject
Global
	GlobalSection(SolutionConfigurationPlatforms) = preSolution
		Debug|Any CPU = Debug|Any CPU
		Release|Any CPU = Release|Any CPU
	EndGlobalSection
	GlobalSection(ProjectConfigurationPlatforms) = postSolution
		{0FB29904-2615-41F2-9C4B-61595DE62414}.Debug|Any CPU.ActiveCfg = Debug|Any CPU
		{0FB29904-2615-41F2-9C4B-61595DE62414}.Debug|Any CPU.Build.0 = Debug|Any CPU
		{0FB29904-2615-41F2-9C4B-61595DE62414}.Release|Any CPU.ActiveCfg = Release|Any CPU
		{0FB29904-2615-41F2-9C4B-61595DE62414}.Release|Any CPU.Build.0 = Release|Any CPU
	EndGlobalSection
	GlobalSection(SolutionProperties) = preSolution
		HideSolutionNode = FALSE
	EndGlobalSection
	GlobalSection(ExtensibilityGlobals) = postSolution
		SolutionGuid = {BF7219C3-56B5-4027-B011-522418517A53}
	EndGlobalSection
EndGlobal
