
Microsoft Visual Studio Solution File, Format Version 12.00
# Visual Studio Version 17
VisualStudioVersion = 17.7.34024.191
MinimumVisualStudioVersion = 10.0.40219.1
Project("{FAE04EC0-301F-11D3-BF4B-00C04F79EFBC}") = "WPFAndMVVM1", "WPFAndMVVM1.csproj", "{D9B97C7A-AF93-4D43-9224-AD5D66C35082}"
EndProject
Global
	GlobalSection(SolutionConfigurationPlatforms) = preSolution
		Debug|Any CPU = Debug|Any CPU
		Release|Any CPU = Release|Any CPU
	EndGlobalSection
	GlobalSection(ProjectConfigurationPlatforms) = postSolution
		{D9B97C7A-AF93-4D43-9224-AD5D66C35082}.Debug|Any CPU.ActiveCfg = Debug|Any CPU
		{D9B97C7A-AF93-4D43-9224-AD5D66C35082}.Debug|Any CPU.Build.0 = Debug|Any CPU
		{D9B97C7A-AF93-4D43-9224-AD5D66C35082}.Release|Any CPU.ActiveCfg = Release|Any CPU
		{D9B97C7A-AF93-4D43-9224-AD5D66C35082}.Release|Any CPU.Build.0 = Release|Any CPU
	EndGlobalSection
	GlobalSection(SolutionProperties) = preSolution
		HideSolutionNode = FALSE
	EndGlobalSection
	GlobalSection(ExtensibilityGlobals) = postSolution
		SolutionGuid = {B199E1CA-DAAF-4001-8A3F-06324444A7F4}
	EndGlobalSection
EndGlobal
