
Microsoft Visual Studio Solution File, Format Version 12.00
# Visual Studio Version 17
VisualStudioVersion = 17.7.34024.191
MinimumVisualStudioVersion = 10.0.40219.1
Project("{FAE04EC0-301F-11D3-BF4B-00C04F79EFBC}") = "Try-finally StreamReader", "Try-finally StreamReader.csproj", "{16087C59-95CD-49EA-8C62-5A2D01762E1A}"
EndProject
Global
	GlobalSection(SolutionConfigurationPlatforms) = preSolution
		Debug|Any CPU = Debug|Any CPU
		Release|Any CPU = Release|Any CPU
	EndGlobalSection
	GlobalSection(ProjectConfigurationPlatforms) = postSolution
		{16087C59-95CD-49EA-8C62-5A2D01762E1A}.Debug|Any CPU.ActiveCfg = Debug|Any CPU
		{16087C59-95CD-49EA-8C62-5A2D01762E1A}.Debug|Any CPU.Build.0 = Debug|Any CPU
		{16087C59-95CD-49EA-8C62-5A2D01762E1A}.Release|Any CPU.ActiveCfg = Release|Any CPU
		{16087C59-95CD-49EA-8C62-5A2D01762E1A}.Release|Any CPU.Build.0 = Release|Any CPU
	EndGlobalSection
	GlobalSection(SolutionProperties) = preSolution
		HideSolutionNode = FALSE
	EndGlobalSection
	GlobalSection(ExtensibilityGlobals) = postSolution
		SolutionGuid = {BE812EFC-C53D-4E2E-83D8-D747A7CBEC1D}
	EndGlobalSection
EndGlobal
