
Microsoft Visual Studio Solution File, Format Version 12.00
# Visual Studio Version 17
VisualStudioVersion = 17.7.34024.191
MinimumVisualStudioVersion = 10.0.40219.1
Project("{FAE04EC0-301F-11D3-BF4B-00C04F79EFBC}") = "PersistensTest1", "PersistensTest1.csproj", "{AE5539FD-585F-441D-BE46-5852DDF650C0}"
EndProject
Project("{FAE04EC0-301F-11D3-BF4B-00C04F79EFBC}") = "TestProject1", "..\TestProject1\TestProject1.csproj", "{F38B365C-1D70-4C3A-BF13-D3999CD4DABF}"
EndProject
Global
	GlobalSection(SolutionConfigurationPlatforms) = preSolution
		Debug|Any CPU = Debug|Any CPU
		Release|Any CPU = Release|Any CPU
	EndGlobalSection
	GlobalSection(ProjectConfigurationPlatforms) = postSolution
		{AE5539FD-585F-441D-BE46-5852DDF650C0}.Debug|Any CPU.ActiveCfg = Debug|Any CPU
		{AE5539FD-585F-441D-BE46-5852DDF650C0}.Debug|Any CPU.Build.0 = Debug|Any CPU
		{AE5539FD-585F-441D-BE46-5852DDF650C0}.Release|Any CPU.ActiveCfg = Release|Any CPU
		{AE5539FD-585F-441D-BE46-5852DDF650C0}.Release|Any CPU.Build.0 = Release|Any CPU
		{F38B365C-1D70-4C3A-BF13-D3999CD4DABF}.Debug|Any CPU.ActiveCfg = Debug|Any CPU
		{F38B365C-1D70-4C3A-BF13-D3999CD4DABF}.Debug|Any CPU.Build.0 = Debug|Any CPU
		{F38B365C-1D70-4C3A-BF13-D3999CD4DABF}.Release|Any CPU.ActiveCfg = Release|Any CPU
		{F38B365C-1D70-4C3A-BF13-D3999CD4DABF}.Release|Any CPU.Build.0 = Release|Any CPU
	EndGlobalSection
	GlobalSection(SolutionProperties) = preSolution
		HideSolutionNode = FALSE
	EndGlobalSection
	GlobalSection(ExtensibilityGlobals) = postSolution
		SolutionGuid = {4D10D197-E6C6-4FDD-8AF2-1A49640D448E}
	EndGlobalSection
EndGlobal
